
Microsoft Visual Studio Solution File, Format Version 12.00
# Visual Studio Version 17
VisualStudioVersion = 17.0.31717.71
MinimumVisualStudioVersion = 10.0.40219.1
Project("{9A19103F-16F7-4668-BE54-9A1E7A4F7556}") = "PrettyConsole", "PrettyConsole\PrettyConsole.csproj", "{03ADF094-C7A1-4771-A4F1-4A8498D87B34}"
EndProject
Project("{FAE04EC0-301F-11D3-BF4B-00C04F79EFBC}") = "PrettyConsole.Tests.Integration", "PrettyConsole.Tests.Integration\PrettyConsole.Tests.Integration.csproj", "{8A9DADD1-B343-482B-A16C-05471C6DE91B}"
EndProject
Global
	GlobalSection(SolutionConfigurationPlatforms) = preSolution
		Debug|Any CPU = Debug|Any CPU
		Release|Any CPU = Release|Any CPU
	EndGlobalSection
	GlobalSection(ProjectConfigurationPlatforms) = postSolution
		{03ADF094-C7A1-4771-A4F1-4A8498D87B34}.Debug|Any CPU.ActiveCfg = Debug|Any CPU
		{03ADF094-C7A1-4771-A4F1-4A8498D87B34}.Debug|Any CPU.Build.0 = Debug|Any CPU
		{03ADF094-C7A1-4771-A4F1-4A8498D87B34}.Release|Any CPU.ActiveCfg = Release|Any CPU
		{03ADF094-C7A1-4771-A4F1-4A8498D87B34}.Release|Any CPU.Build.0 = Release|Any CPU
		{8A9DADD1-B343-482B-A16C-05471C6DE91B}.Debug|Any CPU.ActiveCfg = Debug|Any CPU
		{8A9DADD1-B343-482B-A16C-05471C6DE91B}.Debug|Any CPU.Build.0 = Debug|Any CPU
		{8A9DADD1-B343-482B-A16C-05471C6DE91B}.Release|Any CPU.ActiveCfg = Release|Any CPU
		{8A9DADD1-B343-482B-A16C-05471C6DE91B}.Release|Any CPU.Build.0 = Release|Any CPU
	EndGlobalSection
	GlobalSection(SolutionProperties) = preSolution
		HideSolutionNode = FALSE
	EndGlobalSection
	GlobalSection(ExtensibilityGlobals) = postSolution
		SolutionGuid = {457DC559-ED77-4D40-AC98-77E3339516C9}
	EndGlobalSection
EndGlobal
